
Microsoft Visual Studio Solution File, Format Version 12.00
# Visual Studio Version 16
VisualStudioVersion = 16.0.30320.27
MinimumVisualStudioVersion = 10.0.40219.1
Project("{FAE04EC0-301F-11D3-BF4B-00C04F79EFBC}") = "BinaryTree", "BinaryTree\BinaryTree.csproj", "{ECD66B3A-9D43-49EE-A663-7EC1DC8D18B2}"
EndProject
Global
	GlobalSection(SolutionConfigurationPlatforms) = preSolution
		Debug|Any CPU = Debug|Any CPU
		Release|Any CPU = Release|Any CPU
	EndGlobalSection
	GlobalSection(ProjectConfigurationPlatforms) = postSolution
		{ECD66B3A-9D43-49EE-A663-7EC1DC8D18B2}.Debug|Any CPU.ActiveCfg = Debug|Any CPU
		{ECD66B3A-9D43-49EE-A663-7EC1DC8D18B2}.Debug|Any CPU.Build.0 = Debug|Any CPU
		{ECD66B3A-9D43-49EE-A663-7EC1DC8D18B2}.Release|Any CPU.ActiveCfg = Release|Any CPU
		{ECD66B3A-9D43-49EE-A663-7EC1DC8D18B2}.Release|Any CPU.Build.0 = Release|Any CPU
	EndGlobalSection
	GlobalSection(SolutionProperties) = preSolution
		HideSolutionNode = FALSE
	EndGlobalSection
	GlobalSection(ExtensibilityGlobals) = postSolution
		SolutionGuid = {EE768A90-D751-4FA0-B9CD-80925ED6F92B}
	EndGlobalSection
EndGlobal
